<?xml version="1.0" encoding="utf-8"?>
<Project ToolsVersion="4.0" xmlns="http://schemas.microsoft.com/developer/msbuild/2003">
  <ItemGroup>
    <Filter Include="Source Files">
      <UniqueIdentifier>{4FC737F1-C7A5-4376-A066-2A32D752A2FF}</UniqueIdentifier>
      <Extensions>cpp;c;cc;cxx;c++;cppm;ixx;def;odl;idl;hpj;bat;asm;asmx</Extensions>
    </Filter>
    <Filter Include="Header Files">
      <UniqueIdentifier>{93995380-89BD-4b04-88EB-625FBE52EBFB}</UniqueIdentifier>
      <Extensions>h;hh;hpp;hxx;h++;hm;inl;inc;ipp;xsd</Extensions>
    </Filter>
    <Filter Include="Resource Files">
      <UniqueIdentifier>{67DA6AB6-F800-4c08-8B7A-83BB121AAD01}</UniqueIdentifier>
      <Extensions>rc;ico;cur;bmp;dlg;rc2;rct;bin;rgs;gif;jpg;jpeg;jpe;resx;tiff;tif;png;wav;mfcribbon-ms</Extensions>
    </Filter>
  </ItemGroup>
  <ItemGroup>
    <ClCompile Include="src\Frames.cpp">
      <Filter>Source Files</Filter>
    </ClCompile>
    <ClCompile Include="src\Game_App.cpp">
      <Filter>Source Files</Filter>
    </ClCompile>
    <ClCompile Include="..\..\Gameboard\src\GameManager.cpp">
      <Filter>Source Files</Filter>
    </ClCompile>
    <ClCompile Include="..\..\Gameboard\src\Player.cpp">
      <Filter>Source Files</Filter>
    </ClCompile>
    <ClCompile Include="..\..\Gameboard\src\RandomPlayer.cpp">
      <Filter>Source Files</Filter>
    </ClCompile>
    <ClCompile Include="..\..\Gameboard\src\X_O_Board.cpp">
      <Filter>Source Files</Filter>
    </ClCompile>
    <ClCompile Include="src\ConnectFourFrame.cpp">
      <Filter>Source Files</Filter>
    </ClCompile>
  </ItemGroup>
  <ItemGroup>
    <ClInclude Include="include\Frames.h">
      <Filter>Header Files</Filter>
    </ClInclude>
    <ClInclude Include="..\..\Gameboard\include\BoardGame_Classes.hpp">
      <Filter>Header Files</Filter>
    </ClInclude>
    <ClInclude Include="resource.h">
      <Filter>Header Files</Filter>
    </ClInclude>
    <ClInclude Include="include\ConnectFourFrame.h">
      <Filter>Header Files</Filter>
    </ClInclude>
  </ItemGroup>
  <ItemGroup>
    <ResourceCompile Include="GUI.rc">
      <Filter>Resource Files</Filter>
    </ResourceCompile>
  </ItemGroup>
  <ItemGroup>
    <Image Include="img\ghassan.bmp">
      <Filter>Resource Files</Filter>
    </Image>
    <Image Include="img\connectfour.bmp">
      <Filter>Resource Files</Filter>
    </Image>
    <Image Include="img\five.bmp">
      <Filter>Resource Files</Filter>
    </Image>
    <Image Include="img\jana.bmp">
      <Filter>Resource Files</Filter>
    </Image>
    <Image Include="img\pyramid.bmp">
      <Filter>Resource Files</Filter>
    </Image>
    <Image Include="img\rawan.bmp">
      <Filter>Resource Files</Filter>
    </Image>
    <Image Include="img\three.bmp">
      <Filter>Resource Files</Filter>
    </Image>
    <Image Include="img\janamm.bmp">
      <Filter>Resource Files</Filter>
    </Image>
    <Image Include="img\rue.bmp">
      <Filter>Resource Files</Filter>
    </Image>
    <Image Include="img\icon.ico">
      <Filter>Resource Files</Filter>
    </Image>
  </ItemGroup>
  <ItemGroup>
    <None Include="E:\Clean Ups\Downloads Trash\dim_v4_technoblue_by_biueguy\DIM v4 - TechnoBlue\DIM v4 [TB] Bonus Cursors\Statics\[TB] Link v4.cur">
      <Filter>Resource Files</Filter>
    </None>
  </ItemGroup>
  <ItemGroup>
    <Font Include="F:\Graphic Design\Materials\Fonts\Hacen-Egypt.ttf">
      <Filter>Resource Files</Filter>
    </Font>
  </ItemGroup>
</Project>